
Microsoft Visual Studio Solution File, Format Version 12.00
# Visual Studio Version 16
VisualStudioVersion = 16.0.29201.188
MinimumVisualStudioVersion = 10.0.40219.1
Project("{FAE04EC0-301F-11D3-BF4B-00C04F79EFBC}") = "HelloWorld", "HelloWorld\HelloWorld.csproj", "{891B4A76-5E3C-45B0-A5B2-B76E5627203C}"
EndProject
Project("{FAE04EC0-301F-11D3-BF4B-00C04F79EFBC}") = "WPFCustomRoutedEvent", "WPFCustomRoutedEvent\WPFCustomRoutedEvent.csproj", "{A5BAB426-4799-4696-AE11-C62D4AA84E0F}"
EndProject
Project("{FAE04EC0-301F-11D3-BF4B-00C04F79EFBC}") = "WPFButtonControl", "WPFButtonControl\WPFButtonControl.csproj", "{0BFEBD6A-8B25-4F67-838B-FC502485C2D5}"
EndProject
Project("{FAE04EC0-301F-11D3-BF4B-00C04F79EFBC}") = "WPFCalenderControl", "WPFCalenderControl\WPFCalenderControl.csproj", "{52A810C5-C9B9-4698-BC8D-8CBF62754C37}"
EndProject
Project("{FAE04EC0-301F-11D3-BF4B-00C04F79EFBC}") = "WPFImageControl", "WPFImageControl\WPFImageControl.csproj", "{1364A471-4D42-45D2-AFED-861AEDD4AAB5}"
EndProject
Project("{FAE04EC0-301F-11D3-BF4B-00C04F79EFBC}") = "WPFDataGridControl", "WPFDataGridControl\WPFDataGridControl.csproj", "{C7AF88E3-C51D-4AC0-92AC-988EBB60A7EC}"
EndProject
Project("{FAE04EC0-301F-11D3-BF4B-00C04F79EFBC}") = "WPFGridView", "WPFGridView\WPFGridView.csproj", "{36CF972B-FBFF-4BC4-A8CA-A0BFA970FF76}"
EndProject
Project("{FAE04EC0-301F-11D3-BF4B-00C04F79EFBC}") = "LayoutDemo", "LayoutDemo\LayoutDemo.csproj", "{0FF229D2-4B5E-4B97-B59C-971956BB30E2}"
EndProject
Project("{FAE04EC0-301F-11D3-BF4B-00C04F79EFBC}") = "WPFDataBinding", "WPFDataBinding\WPFDataBinding.csproj", "{57071938-7327-499D-AA2D-189B4340965C}"
EndProject
Global
	GlobalSection(SolutionConfigurationPlatforms) = preSolution
		Debug|Any CPU = Debug|Any CPU
		Release|Any CPU = Release|Any CPU
	EndGlobalSection
	GlobalSection(ProjectConfigurationPlatforms) = postSolution
		{891B4A76-5E3C-45B0-A5B2-B76E5627203C}.Debug|Any CPU.ActiveCfg = Debug|Any CPU
		{891B4A76-5E3C-45B0-A5B2-B76E5627203C}.Debug|Any CPU.Build.0 = Debug|Any CPU
		{891B4A76-5E3C-45B0-A5B2-B76E5627203C}.Release|Any CPU.ActiveCfg = Release|Any CPU
		{891B4A76-5E3C-45B0-A5B2-B76E5627203C}.Release|Any CPU.Build.0 = Release|Any CPU
		{A5BAB426-4799-4696-AE11-C62D4AA84E0F}.Debug|Any CPU.ActiveCfg = Debug|Any CPU
		{A5BAB426-4799-4696-AE11-C62D4AA84E0F}.Debug|Any CPU.Build.0 = Debug|Any CPU
		{A5BAB426-4799-4696-AE11-C62D4AA84E0F}.Release|Any CPU.ActiveCfg = Release|Any CPU
		{A5BAB426-4799-4696-AE11-C62D4AA84E0F}.Release|Any CPU.Build.0 = Release|Any CPU
		{0BFEBD6A-8B25-4F67-838B-FC502485C2D5}.Debug|Any CPU.ActiveCfg = Debug|Any CPU
		{0BFEBD6A-8B25-4F67-838B-FC502485C2D5}.Debug|Any CPU.Build.0 = Debug|Any CPU
		{0BFEBD6A-8B25-4F67-838B-FC502485C2D5}.Release|Any CPU.ActiveCfg = Release|Any CPU
		{0BFEBD6A-8B25-4F67-838B-FC502485C2D5}.Release|Any CPU.Build.0 = Release|Any CPU
		{52A810C5-C9B9-4698-BC8D-8CBF62754C37}.Debug|Any CPU.ActiveCfg = Debug|Any CPU
		{52A810C5-C9B9-4698-BC8D-8CBF62754C37}.Debug|Any CPU.Build.0 = Debug|Any CPU
		{52A810C5-C9B9-4698-BC8D-8CBF62754C37}.Release|Any CPU.ActiveCfg = Release|Any CPU
		{52A810C5-C9B9-4698-BC8D-8CBF62754C37}.Release|Any CPU.Build.0 = Release|Any CPU
		{1364A471-4D42-45D2-AFED-861AEDD4AAB5}.Debug|Any CPU.ActiveCfg = Debug|Any CPU
		{1364A471-4D42-45D2-AFED-861AEDD4AAB5}.Debug|Any CPU.Build.0 = Debug|Any CPU
		{1364A471-4D42-45D2-AFED-861AEDD4AAB5}.Release|Any CPU.ActiveCfg = Release|Any CPU
		{1364A471-4D42-45D2-AFED-861AEDD4AAB5}.Release|Any CPU.Build.0 = Release|Any CPU
		{C7AF88E3-C51D-4AC0-92AC-988EBB60A7EC}.Debug|Any CPU.ActiveCfg = Debug|Any CPU
		{C7AF88E3-C51D-4AC0-92AC-988EBB60A7EC}.Debug|Any CPU.Build.0 = Debug|Any CPU
		{C7AF88E3-C51D-4AC0-92AC-988EBB60A7EC}.Release|Any CPU.ActiveCfg = Release|Any CPU
		{C7AF88E3-C51D-4AC0-92AC-988EBB60A7EC}.Release|Any CPU.Build.0 = Release|Any CPU
		{36CF972B-FBFF-4BC4-A8CA-A0BFA970FF76}.Debug|Any CPU.ActiveCfg = Debug|Any CPU
		{36CF972B-FBFF-4BC4-A8CA-A0BFA970FF76}.Debug|Any CPU.Build.0 = Debug|Any CPU
		{36CF972B-FBFF-4BC4-A8CA-A0BFA970FF76}.Release|Any CPU.ActiveCfg = Release|Any CPU
		{36CF972B-FBFF-4BC4-A8CA-A0BFA970FF76}.Release|Any CPU.Build.0 = Release|Any CPU
		{0FF229D2-4B5E-4B97-B59C-971956BB30E2}.Debug|Any CPU.ActiveCfg = Debug|Any CPU
		{0FF229D2-4B5E-4B97-B59C-971956BB30E2}.Debug|Any CPU.Build.0 = Debug|Any CPU
		{0FF229D2-4B5E-4B97-B59C-971956BB30E2}.Release|Any CPU.ActiveCfg = Release|Any CPU
		{0FF229D2-4B5E-4B97-B59C-971956BB30E2}.Release|Any CPU.Build.0 = Release|Any CPU
		{57071938-7327-499D-AA2D-189B4340965C}.Debug|Any CPU.ActiveCfg = Debug|Any CPU
		{57071938-7327-499D-AA2D-189B4340965C}.Debug|Any CPU.Build.0 = Debug|Any CPU
		{57071938-7327-499D-AA2D-189B4340965C}.Release|Any CPU.ActiveCfg = Release|Any CPU
		{57071938-7327-499D-AA2D-189B4340965C}.Release|Any CPU.Build.0 = Release|Any CPU
	EndGlobalSection
	GlobalSection(SolutionProperties) = preSolution
		HideSolutionNode = FALSE
	EndGlobalSection
	GlobalSection(ExtensibilityGlobals) = postSolution
		SolutionGuid = {083A790D-6545-42F6-84B1-93F14FACFA4F}
	EndGlobalSection
EndGlobal
