
Microsoft Visual Studio Solution File, Format Version 12.00
# Visual Studio Version 16
VisualStudioVersion = 16.0.29020.237
MinimumVisualStudioVersion = 10.0.40219.1
Project("{9A19103F-16F7-4668-BE54-9A1E7A4F7556}") = "FirstAppDemo", "FirstAppDemo\FirstAppDemo.csproj", "{A0876B30-ED84-4AAC-8EE0-A80BB1565C48}"
EndProject
Global
	GlobalSection(SolutionConfigurationPlatforms) = preSolution
		Debug|Any CPU = Debug|Any CPU
		Release|Any CPU = Release|Any CPU
	EndGlobalSection
	GlobalSection(ProjectConfigurationPlatforms) = postSolution
		{A0876B30-ED84-4AAC-8EE0-A80BB1565C48}.Debug|Any CPU.ActiveCfg = Debug|Any CPU
		{A0876B30-ED84-4AAC-8EE0-A80BB1565C48}.Debug|Any CPU.Build.0 = Debug|Any CPU
		{A0876B30-ED84-4AAC-8EE0-A80BB1565C48}.Release|Any CPU.ActiveCfg = Release|Any CPU
		{A0876B30-ED84-4AAC-8EE0-A80BB1565C48}.Release|Any CPU.Build.0 = Release|Any CPU
	EndGlobalSection
	GlobalSection(SolutionProperties) = preSolution
		HideSolutionNode = FALSE
	EndGlobalSection
	GlobalSection(ExtensibilityGlobals) = postSolution
		SolutionGuid = {D34943ED-D634-4EB3-9965-0322C3454CEE}
	EndGlobalSection
EndGlobal
