
Microsoft Visual Studio Solution File, Format Version 12.00
# Visual Studio Version 16
VisualStudioVersion = 16.0.29201.188
MinimumVisualStudioVersion = 10.0.40219.1
Project("{FAE04EC0-301F-11D3-BF4B-00C04F79EFBC}") = "EFGetStarted.AspNetCore.ExistingDb", "EFGetStarted.AspNetCore.ExistingDb.csproj", "{A9F9989F-C57C-4527-9EC2-C0A0CBEB3735}"
EndProject
Global
	GlobalSection(SolutionConfigurationPlatforms) = preSolution
		Debug|Any CPU = Debug|Any CPU
		Release|Any CPU = Release|Any CPU
	EndGlobalSection
	GlobalSection(ProjectConfigurationPlatforms) = postSolution
		{A9F9989F-C57C-4527-9EC2-C0A0CBEB3735}.Debug|Any CPU.ActiveCfg = Debug|Any CPU
		{A9F9989F-C57C-4527-9EC2-C0A0CBEB3735}.Debug|Any CPU.Build.0 = Debug|Any CPU
		{A9F9989F-C57C-4527-9EC2-C0A0CBEB3735}.Release|Any CPU.ActiveCfg = Release|Any CPU
		{A9F9989F-C57C-4527-9EC2-C0A0CBEB3735}.Release|Any CPU.Build.0 = Release|Any CPU
	EndGlobalSection
	GlobalSection(SolutionProperties) = preSolution
		HideSolutionNode = FALSE
	EndGlobalSection
	GlobalSection(ExtensibilityGlobals) = postSolution
		SolutionGuid = {89F8F9DE-3ED6-45CE-B63C-A360AB87DE7C}
	EndGlobalSection
EndGlobal
